
Microsoft Visual Studio Solution File, Format Version 12.00
# Visual Studio 2013
VisualStudioVersion = 12.0.40629.0
MinimumVisualStudioVersion = 10.0.40219.1
Project("{FAE04EC0-301F-11D3-BF4B-00C04F79EFBC}") = "PhotoContest.Web", "PhotoContest.Web\PhotoContest.Web.csproj", "{1CEF2DA8-3E99-43E3-80D4-12E035B8D529}"
EndProject
Project("{FAE04EC0-301F-11D3-BF4B-00C04F79EFBC}") = "PhotoContest.Data", "PhotoContest.Data\PhotoContest.Data.csproj", "{A7A29466-0E3A-4375-A78F-67EF4B20F02F}"
EndProject
Project("{FAE04EC0-301F-11D3-BF4B-00C04F79EFBC}") = "PhotoContest.Models", "PhotoContest.Models\PhotoContest.Models.csproj", "{0DC59CB3-2E15-4128-9C9E-F636EC1AA61B}"
EndProject
Project("{FAE04EC0-301F-11D3-BF4B-00C04F79EFBC}") = "PhotoContest.Common", "PhotoContest.Common\PhotoContest.Common.csproj", "{B8D76F11-B2DE-4BC1-97B3-5D2B93B44AF7}"
EndProject
Project("{FAE04EC0-301F-11D3-BF4B-00C04F79EFBC}") = "PhotoContest.Tests", "PhotoContest.Tests\PhotoContest.Tests.csproj", "{315DD026-B550-43D6-9C93-689994E43E4E}"
EndProject
Global
	GlobalSection(SolutionConfigurationPlatforms) = preSolution
		Debug|Any CPU = Debug|Any CPU
		Release|Any CPU = Release|Any CPU
	EndGlobalSection
	GlobalSection(ProjectConfigurationPlatforms) = postSolution
		{1CEF2DA8-3E99-43E3-80D4-12E035B8D529}.Debug|Any CPU.ActiveCfg = Debug|Any CPU
		{1CEF2DA8-3E99-43E3-80D4-12E035B8D529}.Debug|Any CPU.Build.0 = Debug|Any CPU
		{1CEF2DA8-3E99-43E3-80D4-12E035B8D529}.Release|Any CPU.ActiveCfg = Release|Any CPU
		{1CEF2DA8-3E99-43E3-80D4-12E035B8D529}.Release|Any CPU.Build.0 = Release|Any CPU
		{A7A29466-0E3A-4375-A78F-67EF4B20F02F}.Debug|Any CPU.ActiveCfg = Debug|Any CPU
		{A7A29466-0E3A-4375-A78F-67EF4B20F02F}.Debug|Any CPU.Build.0 = Debug|Any CPU
		{A7A29466-0E3A-4375-A78F-67EF4B20F02F}.Release|Any CPU.ActiveCfg = Release|Any CPU
		{A7A29466-0E3A-4375-A78F-67EF4B20F02F}.Release|Any CPU.Build.0 = Release|Any CPU
		{0DC59CB3-2E15-4128-9C9E-F636EC1AA61B}.Debug|Any CPU.ActiveCfg = Debug|Any CPU
		{0DC59CB3-2E15-4128-9C9E-F636EC1AA61B}.Debug|Any CPU.Build.0 = Debug|Any CPU
		{0DC59CB3-2E15-4128-9C9E-F636EC1AA61B}.Release|Any CPU.ActiveCfg = Release|Any CPU
		{0DC59CB3-2E15-4128-9C9E-F636EC1AA61B}.Release|Any CPU.Build.0 = Release|Any CPU
		{B8D76F11-B2DE-4BC1-97B3-5D2B93B44AF7}.Debug|Any CPU.ActiveCfg = Debug|Any CPU
		{B8D76F11-B2DE-4BC1-97B3-5D2B93B44AF7}.Debug|Any CPU.Build.0 = Debug|Any CPU
		{B8D76F11-B2DE-4BC1-97B3-5D2B93B44AF7}.Release|Any CPU.ActiveCfg = Release|Any CPU
		{B8D76F11-B2DE-4BC1-97B3-5D2B93B44AF7}.Release|Any CPU.Build.0 = Release|Any CPU
		{315DD026-B550-43D6-9C93-689994E43E4E}.Debug|Any CPU.ActiveCfg = Debug|Any CPU
		{315DD026-B550-43D6-9C93-689994E43E4E}.Debug|Any CPU.Build.0 = Debug|Any CPU
		{315DD026-B550-43D6-9C93-689994E43E4E}.Release|Any CPU.ActiveCfg = Release|Any CPU
		{315DD026-B550-43D6-9C93-689994E43E4E}.Release|Any CPU.Build.0 = Release|Any CPU
	EndGlobalSection
	GlobalSection(SolutionProperties) = preSolution
		HideSolutionNode = FALSE
	EndGlobalSection
EndGlobal
